// !$*UTF8*$!
{
	archiveVersion = 1;
	classes = {
	};
	objectVersion = 56;
	objects = {

/* Begin PBXBuildFile section */
		B9382F0D2987D24000909C99 /* FeedCell.swift in Sources */ = {isa = PBXBuildFile; fileRef = B9382F0C2987D24000909C99 /* FeedCell.swift */; };
		B9382F112987E3E600909C99 /* SearchBar.swift in Sources */ = {isa = PBXBuildFile; fileRef = B9382F102987E3E600909C99 /* SearchBar.swift */; };
		B9382F132987E5DF00909C99 /* PostGridView.swift in Sources */ = {isa = PBXBuildFile; fileRef = B9382F122987E5DF00909C99 /* PostGridView.swift */; };
		B9382F152987E79300909C99 /* UserListView.swift in Sources */ = {isa = PBXBuildFile; fileRef = B9382F142987E79300909C99 /* UserListView.swift */; };
		B9382F172987E7A400909C99 /* UserCell.swift in Sources */ = {isa = PBXBuildFile; fileRef = B9382F162987E7A400909C99 /* UserCell.swift */; };
		B9382F192987ED8D00909C99 /* Extentions.swift in Sources */ = {isa = PBXBuildFile; fileRef = B9382F182987ED8D00909C99 /* Extentions.swift */; };
		B9382F1B2988030B00909C99 /* NotificationCell.swift in Sources */ = {isa = PBXBuildFile; fileRef = B9382F1A2988030B00909C99 /* NotificationCell.swift */; };
		B9382F1D2988065000909C99 /* ProfileHeaderView.swift in Sources */ = {isa = PBXBuildFile; fileRef = B9382F1C2988065000909C99 /* ProfileHeaderView.swift */; };
		B9382F1F2988118800909C99 /* UserStatView.swift in Sources */ = {isa = PBXBuildFile; fileRef = B9382F1E2988118800909C99 /* UserStatView.swift */; };
		B9382F212988197200909C99 /* ProfileActionButton.swift in Sources */ = {isa = PBXBuildFile; fileRef = B9382F202988197200909C99 /* ProfileActionButton.swift */; };
		B9382F232989124F00909C99 /* ImagePicker.swift in Sources */ = {isa = PBXBuildFile; fileRef = B9382F222989124F00909C99 /* ImagePicker.swift */; };
		B9382F252989203D00909C99 /* LoginView.swift in Sources */ = {isa = PBXBuildFile; fileRef = B9382F242989203D00909C99 /* LoginView.swift */; };
		B9382F272989204D00909C99 /* RegistrationView.swift in Sources */ = {isa = PBXBuildFile; fileRef = B9382F262989204D00909C99 /* RegistrationView.swift */; };
		B9382F292989205C00909C99 /* ResetPasswordView.swift in Sources */ = {isa = PBXBuildFile; fileRef = B9382F282989205C00909C99 /* ResetPasswordView.swift */; };
		B9382F3029892B1800909C99 /* vinyl_regular.otf in Resources */ = {isa = PBXBuildFile; fileRef = B9382F2E29892B1800909C99 /* vinyl_regular.otf */; };
		B9382F3129892B1800909C99 /* vinyl_regular.otf in Resources */ = {isa = PBXBuildFile; fileRef = B9382F2E29892B1800909C99 /* vinyl_regular.otf */; };
		B9382F3229892B1800909C99 /* vinyl_regular.otf in Resources */ = {isa = PBXBuildFile; fileRef = B9382F2E29892B1800909C99 /* vinyl_regular.otf */; };
		B9382F3329892B1800909C99 /* vinyl_bold.otf in Resources */ = {isa = PBXBuildFile; fileRef = B9382F2F29892B1800909C99 /* vinyl_bold.otf */; };
		B9382F3429892B1800909C99 /* vinyl_bold.otf in Resources */ = {isa = PBXBuildFile; fileRef = B9382F2F29892B1800909C99 /* vinyl_bold.otf */; };
		B9382F3529892B1800909C99 /* vinyl_bold.otf in Resources */ = {isa = PBXBuildFile; fileRef = B9382F2F29892B1800909C99 /* vinyl_bold.otf */; };
		B9382F3B298934A800909C99 /* CustomTextField.swift in Sources */ = {isa = PBXBuildFile; fileRef = B9382F3A298934A800909C99 /* CustomTextField.swift */; };
		B9382F3F298934C100909C99 /* CustomPasswordField.swift in Sources */ = {isa = PBXBuildFile; fileRef = B9382F3E298934C100909C99 /* CustomPasswordField.swift */; };
		B9382F40298934C100909C99 /* CustomPasswordField.swift in Sources */ = {isa = PBXBuildFile; fileRef = B9382F3E298934C100909C99 /* CustomPasswordField.swift */; };
		B9382F41298934C100909C99 /* CustomPasswordField.swift in Sources */ = {isa = PBXBuildFile; fileRef = B9382F3E298934C100909C99 /* CustomPasswordField.swift */; };
		B9382F512989779500909C99 /* GoogleService-Info.plist in Resources */ = {isa = PBXBuildFile; fileRef = B9382F502989779500909C99 /* GoogleService-Info.plist */; };
		B9382F522989779500909C99 /* GoogleService-Info.plist in Resources */ = {isa = PBXBuildFile; fileRef = B9382F502989779500909C99 /* GoogleService-Info.plist */; };
		B9382F532989779500909C99 /* GoogleService-Info.plist in Resources */ = {isa = PBXBuildFile; fileRef = B9382F502989779500909C99 /* GoogleService-Info.plist */; };
		B9382F55298A5BEF00909C99 /* AuthViewModel.swift in Sources */ = {isa = PBXBuildFile; fileRef = B9382F54298A5BEF00909C99 /* AuthViewModel.swift */; };
		B9382F56298A5BEF00909C99 /* AuthViewModel.swift in Sources */ = {isa = PBXBuildFile; fileRef = B9382F54298A5BEF00909C99 /* AuthViewModel.swift */; };
		B9382F57298A5BEF00909C99 /* AuthViewModel.swift in Sources */ = {isa = PBXBuildFile; fileRef = B9382F54298A5BEF00909C99 /* AuthViewModel.swift */; };
		B9382F59298A6B7F00909C99 /* ImageUploader.swift in Sources */ = {isa = PBXBuildFile; fileRef = B9382F58298A6B7F00909C99 /* ImageUploader.swift */; };
		B9382F5A298A6B7F00909C99 /* ImageUploader.swift in Sources */ = {isa = PBXBuildFile; fileRef = B9382F58298A6B7F00909C99 /* ImageUploader.swift */; };
		B9382F5B298A6B7F00909C99 /* ImageUploader.swift in Sources */ = {isa = PBXBuildFile; fileRef = B9382F58298A6B7F00909C99 /* ImageUploader.swift */; };
		B9382F5D298A8DF200909C99 /* Constants.swift in Sources */ = {isa = PBXBuildFile; fileRef = B9382F5C298A8DF200909C99 /* Constants.swift */; };
		B9382F5E298A8DF200909C99 /* Constants.swift in Sources */ = {isa = PBXBuildFile; fileRef = B9382F5C298A8DF200909C99 /* Constants.swift */; };
		B9382F5F298A8DF200909C99 /* Constants.swift in Sources */ = {isa = PBXBuildFile; fileRef = B9382F5C298A8DF200909C99 /* Constants.swift */; };
		B9382F61298AA2CA00909C99 /* User.swift in Sources */ = {isa = PBXBuildFile; fileRef = B9382F60298AA2CA00909C99 /* User.swift */; };
		B9382F62298AA2CA00909C99 /* User.swift in Sources */ = {isa = PBXBuildFile; fileRef = B9382F60298AA2CA00909C99 /* User.swift */; };
		B9382F63298AA2CA00909C99 /* User.swift in Sources */ = {isa = PBXBuildFile; fileRef = B9382F60298AA2CA00909C99 /* User.swift */; };
		B9382F66298AA8D900909C99 /* FirebaseAuth in Frameworks */ = {isa = PBXBuildFile; productRef = B9382F65298AA8D900909C99 /* FirebaseAuth */; };
		B9382F68298AA8D900909C99 /* FirebaseFirestore in Frameworks */ = {isa = PBXBuildFile; productRef = B9382F67298AA8D900909C99 /* FirebaseFirestore */; };
		B9382F6A298AA8D900909C99 /* FirebaseFirestoreSwift in Frameworks */ = {isa = PBXBuildFile; productRef = B9382F69298AA8D900909C99 /* FirebaseFirestoreSwift */; };
		B9382F6C298AA8D900909C99 /* FirebaseFunctions in Frameworks */ = {isa = PBXBuildFile; productRef = B9382F6B298AA8D900909C99 /* FirebaseFunctions */; };
		B9382F6E298AA8D900909C99 /* FirebaseMessaging in Frameworks */ = {isa = PBXBuildFile; productRef = B9382F6D298AA8D900909C99 /* FirebaseMessaging */; };
		B9382F70298AA8D900909C99 /* FirebaseStorage in Frameworks */ = {isa = PBXBuildFile; productRef = B9382F6F298AA8D900909C99 /* FirebaseStorage */; };
		B9382F72298AAAFA00909C99 /* SearchViewModel.swift in Sources */ = {isa = PBXBuildFile; fileRef = B9382F71298AAAFA00909C99 /* SearchViewModel.swift */; };
		B9382F73298AAAFA00909C99 /* SearchViewModel.swift in Sources */ = {isa = PBXBuildFile; fileRef = B9382F71298AAAFA00909C99 /* SearchViewModel.swift */; };
		B9382F74298AAAFA00909C99 /* SearchViewModel.swift in Sources */ = {isa = PBXBuildFile; fileRef = B9382F71298AAAFA00909C99 /* SearchViewModel.swift */; };
		B9382F7D298AB2B200909C99 /* Kingfisher in Frameworks */ = {isa = PBXBuildFile; productRef = B9382F7C298AB2B200909C99 /* Kingfisher */; };
		B98407F9298BC05E00BFA14E /* ProfileViewModel.swift in Sources */ = {isa = PBXBuildFile; fileRef = B98407F8298BC05E00BFA14E /* ProfileViewModel.swift */; };
		B98407FB298BD6BB00BFA14E /* UserService.swift in Sources */ = {isa = PBXBuildFile; fileRef = B98407FA298BD6BB00BFA14E /* UserService.swift */; };
		B98407FD298C06E300BFA14E /* UploadPostViewModel.swift in Sources */ = {isa = PBXBuildFile; fileRef = B98407FC298C06E300BFA14E /* UploadPostViewModel.swift */; };
		B98407FF298C1EA400BFA14E /* TextArea.swift in Sources */ = {isa = PBXBuildFile; fileRef = B98407FE298C1EA400BFA14E /* TextArea.swift */; };
		B9FDCD312982CC1900002DD0 /* InstagramApp.swift in Sources */ = {isa = PBXBuildFile; fileRef = B9FDCD302982CC1900002DD0 /* InstagramApp.swift */; };
		B9FDCD352982CC1A00002DD0 /* Assets.xcassets in Resources */ = {isa = PBXBuildFile; fileRef = B9FDCD342982CC1A00002DD0 /* Assets.xcassets */; };
		B9FDCD382982CC1A00002DD0 /* Preview Assets.xcassets in Resources */ = {isa = PBXBuildFile; fileRef = B9FDCD372982CC1A00002DD0 /* Preview Assets.xcassets */; };
		B9FDCD422982CC1A00002DD0 /* InstagramTests.swift in Sources */ = {isa = PBXBuildFile; fileRef = B9FDCD412982CC1A00002DD0 /* InstagramTests.swift */; };
		B9FDCD4C2982CC1A00002DD0 /* InstagramUITests.swift in Sources */ = {isa = PBXBuildFile; fileRef = B9FDCD4B2982CC1A00002DD0 /* InstagramUITests.swift */; };
		B9FDCD4E2982CC1A00002DD0 /* InstagramUITestsLaunchTests.swift in Sources */ = {isa = PBXBuildFile; fileRef = B9FDCD4D2982CC1A00002DD0 /* InstagramUITestsLaunchTests.swift */; };
		B9FDCD682982CD0800002DD0 /* ContentView.swift in Sources */ = {isa = PBXBuildFile; fileRef = B9FDCD672982CD0800002DD0 /* ContentView.swift */; };
		B9FDCD6A2982CD2200002DD0 /* ProfileView.swift in Sources */ = {isa = PBXBuildFile; fileRef = B9FDCD692982CD2200002DD0 /* ProfileView.swift */; };
		B9FDCD6C2982CD3C00002DD0 /* SearchView.swift in Sources */ = {isa = PBXBuildFile; fileRef = B9FDCD6B2982CD3C00002DD0 /* SearchView.swift */; };
		B9FDCD6E2982CD5300002DD0 /* NotificationView.swift in Sources */ = {isa = PBXBuildFile; fileRef = B9FDCD6D2982CD5300002DD0 /* NotificationView.swift */; };
		B9FDCD702982CED500002DD0 /* MainTabView.swift in Sources */ = {isa = PBXBuildFile; fileRef = B9FDCD6F2982CED500002DD0 /* MainTabView.swift */; };
		B9FDCD722982CEFE00002DD0 /* FeedView.swift in Sources */ = {isa = PBXBuildFile; fileRef = B9FDCD712982CEFE00002DD0 /* FeedView.swift */; };
		B9FDCD742982CF4300002DD0 /* UploadPostView.swift in Sources */ = {isa = PBXBuildFile; fileRef = B9FDCD732982CF4300002DD0 /* UploadPostView.swift */; };
/* End PBXBuildFile section */

/* Begin PBXContainerItemProxy section */
		B9FDCD3E2982CC1A00002DD0 /* PBXContainerItemProxy */ = {
			isa = PBXContainerItemProxy;
			containerPortal = B9FDCD252982CC1900002DD0 /* Project object */;
			proxyType = 1;
			remoteGlobalIDString = B9FDCD2C2982CC1900002DD0;
			remoteInfo = Instagram;
		};
		B9FDCD482982CC1A00002DD0 /* PBXContainerItemProxy */ = {
			isa = PBXContainerItemProxy;
			containerPortal = B9FDCD252982CC1900002DD0 /* Project object */;
			proxyType = 1;
			remoteGlobalIDString = B9FDCD2C2982CC1900002DD0;
			remoteInfo = Instagram;
		};
/* End PBXContainerItemProxy section */

/* Begin PBXFileReference section */
		B9382F0C2987D24000909C99 /* FeedCell.swift */ = {isa = PBXFileReference; lastKnownFileType = sourcecode.swift; path = FeedCell.swift; sourceTree = "<group>"; };
		B9382F102987E3E600909C99 /* SearchBar.swift */ = {isa = PBXFileReference; lastKnownFileType = sourcecode.swift; path = SearchBar.swift; sourceTree = "<group>"; };
		B9382F122987E5DF00909C99 /* PostGridView.swift */ = {isa = PBXFileReference; lastKnownFileType = sourcecode.swift; path = PostGridView.swift; sourceTree = "<group>"; };
		B9382F142987E79300909C99 /* UserListView.swift */ = {isa = PBXFileReference; lastKnownFileType = sourcecode.swift; path = UserListView.swift; sourceTree = "<group>"; };
		B9382F162987E7A400909C99 /* UserCell.swift */ = {isa = PBXFileReference; lastKnownFileType = sourcecode.swift; path = UserCell.swift; sourceTree = "<group>"; };
		B9382F182987ED8D00909C99 /* Extentions.swift */ = {isa = PBXFileReference; lastKnownFileType = sourcecode.swift; path = Extentions.swift; sourceTree = "<group>"; };
		B9382F1A2988030B00909C99 /* NotificationCell.swift */ = {isa = PBXFileReference; lastKnownFileType = sourcecode.swift; path = NotificationCell.swift; sourceTree = "<group>"; };
		B9382F1C2988065000909C99 /* ProfileHeaderView.swift */ = {isa = PBXFileReference; lastKnownFileType = sourcecode.swift; path = ProfileHeaderView.swift; sourceTree = "<group>"; };
		B9382F1E2988118800909C99 /* UserStatView.swift */ = {isa = PBXFileReference; lastKnownFileType = sourcecode.swift; path = UserStatView.swift; sourceTree = "<group>"; };
		B9382F202988197200909C99 /* ProfileActionButton.swift */ = {isa = PBXFileReference; lastKnownFileType = sourcecode.swift; path = ProfileActionButton.swift; sourceTree = "<group>"; };
		B9382F222989124F00909C99 /* ImagePicker.swift */ = {isa = PBXFileReference; lastKnownFileType = sourcecode.swift; path = ImagePicker.swift; sourceTree = "<group>"; };
		B9382F242989203D00909C99 /* LoginView.swift */ = {isa = PBXFileReference; lastKnownFileType = sourcecode.swift; path = LoginView.swift; sourceTree = "<group>"; };
		B9382F262989204D00909C99 /* RegistrationView.swift */ = {isa = PBXFileReference; lastKnownFileType = sourcecode.swift; path = RegistrationView.swift; sourceTree = "<group>"; };
		B9382F282989205C00909C99 /* ResetPasswordView.swift */ = {isa = PBXFileReference; lastKnownFileType = sourcecode.swift; path = ResetPasswordView.swift; sourceTree = "<group>"; };
		B9382F2E29892B1800909C99 /* vinyl_regular.otf */ = {isa = PBXFileReference; lastKnownFileType = file; path = vinyl_regular.otf; sourceTree = "<group>"; };
		B9382F2F29892B1800909C99 /* vinyl_bold.otf */ = {isa = PBXFileReference; lastKnownFileType = file; path = vinyl_bold.otf; sourceTree = "<group>"; };
		B9382F3A298934A800909C99 /* CustomTextField.swift */ = {isa = PBXFileReference; lastKnownFileType = sourcecode.swift; path = CustomTextField.swift; sourceTree = "<group>"; };
		B9382F3E298934C100909C99 /* CustomPasswordField.swift */ = {isa = PBXFileReference; lastKnownFileType = sourcecode.swift; path = CustomPasswordField.swift; sourceTree = "<group>"; };
		B9382F502989779500909C99 /* GoogleService-Info.plist */ = {isa = PBXFileReference; fileEncoding = 4; lastKnownFileType = text.plist.xml; path = "GoogleService-Info.plist"; sourceTree = "<group>"; };
		B9382F54298A5BEF00909C99 /* AuthViewModel.swift */ = {isa = PBXFileReference; lastKnownFileType = sourcecode.swift; path = AuthViewModel.swift; sourceTree = "<group>"; };
		B9382F58298A6B7F00909C99 /* ImageUploader.swift */ = {isa = PBXFileReference; lastKnownFileType = sourcecode.swift; path = ImageUploader.swift; sourceTree = "<group>"; };
		B9382F5C298A8DF200909C99 /* Constants.swift */ = {isa = PBXFileReference; lastKnownFileType = sourcecode.swift; path = Constants.swift; sourceTree = "<group>"; };
		B9382F60298AA2CA00909C99 /* User.swift */ = {isa = PBXFileReference; lastKnownFileType = sourcecode.swift; path = User.swift; sourceTree = "<group>"; };
		B9382F71298AAAFA00909C99 /* SearchViewModel.swift */ = {isa = PBXFileReference; lastKnownFileType = sourcecode.swift; path = SearchViewModel.swift; sourceTree = "<group>"; };
		B98407F8298BC05E00BFA14E /* ProfileViewModel.swift */ = {isa = PBXFileReference; lastKnownFileType = sourcecode.swift; path = ProfileViewModel.swift; sourceTree = "<group>"; };
		B98407FA298BD6BB00BFA14E /* UserService.swift */ = {isa = PBXFileReference; lastKnownFileType = sourcecode.swift; path = UserService.swift; sourceTree = "<group>"; };
		B98407FC298C06E300BFA14E /* UploadPostViewModel.swift */ = {isa = PBXFileReference; lastKnownFileType = sourcecode.swift; path = UploadPostViewModel.swift; sourceTree = "<group>"; };
		B98407FE298C1EA400BFA14E /* TextArea.swift */ = {isa = PBXFileReference; lastKnownFileType = sourcecode.swift; path = TextArea.swift; sourceTree = "<group>"; };
		B9FDCD2D2982CC1900002DD0 /* Instagram.app */ = {isa = PBXFileReference; explicitFileType = wrapper.application; includeInIndex = 0; path = Instagram.app; sourceTree = BUILT_PRODUCTS_DIR; };
		B9FDCD302982CC1900002DD0 /* InstagramApp.swift */ = {isa = PBXFileReference; lastKnownFileType = sourcecode.swift; path = InstagramApp.swift; sourceTree = "<group>"; };
		B9FDCD342982CC1A00002DD0 /* Assets.xcassets */ = {isa = PBXFileReference; lastKnownFileType = folder.assetcatalog; path = Assets.xcassets; sourceTree = "<group>"; };
		B9FDCD372982CC1A00002DD0 /* Preview Assets.xcassets */ = {isa = PBXFileReference; lastKnownFileType = folder.assetcatalog; path = "Preview Assets.xcassets"; sourceTree = "<group>"; };
		B9FDCD3D2982CC1A00002DD0 /* InstagramTests.xctest */ = {isa = PBXFileReference; explicitFileType = wrapper.cfbundle; includeInIndex = 0; path = InstagramTests.xctest; sourceTree = BUILT_PRODUCTS_DIR; };
		B9FDCD412982CC1A00002DD0 /* InstagramTests.swift */ = {isa = PBXFileReference; lastKnownFileType = sourcecode.swift; path = InstagramTests.swift; sourceTree = "<group>"; };
		B9FDCD472982CC1A00002DD0 /* InstagramUITests.xctest */ = {isa = PBXFileReference; explicitFileType = wrapper.cfbundle; includeInIndex = 0; path = InstagramUITests.xctest; sourceTree = BUILT_PRODUCTS_DIR; };
		B9FDCD4B2982CC1A00002DD0 /* InstagramUITests.swift */ = {isa = PBXFileReference; lastKnownFileType = sourcecode.swift; path = InstagramUITests.swift; sourceTree = "<group>"; };
		B9FDCD4D2982CC1A00002DD0 /* InstagramUITestsLaunchTests.swift */ = {isa = PBXFileReference; lastKnownFileType = sourcecode.swift; path = InstagramUITestsLaunchTests.swift; sourceTree = "<group>"; };
		B9FDCD672982CD0800002DD0 /* ContentView.swift */ = {isa = PBXFileReference; lastKnownFileType = sourcecode.swift; path = ContentView.swift; sourceTree = "<group>"; };
		B9FDCD692982CD2200002DD0 /* ProfileView.swift */ = {isa = PBXFileReference; lastKnownFileType = sourcecode.swift; path = ProfileView.swift; sourceTree = "<group>"; };
		B9FDCD6B2982CD3C00002DD0 /* SearchView.swift */ = {isa = PBXFileReference; lastKnownFileType = sourcecode.swift; path = SearchView.swift; sourceTree = "<group>"; };
		B9FDCD6D2982CD5300002DD0 /* NotificationView.swift */ = {isa = PBXFileReference; lastKnownFileType = sourcecode.swift; path = NotificationView.swift; sourceTree = "<group>"; };
		B9FDCD6F2982CED500002DD0 /* MainTabView.swift */ = {isa = PBXFileReference; lastKnownFileType = sourcecode.swift; path = MainTabView.swift; sourceTree = "<group>"; };
		B9FDCD712982CEFE00002DD0 /* FeedView.swift */ = {isa = PBXFileReference; lastKnownFileType = sourcecode.swift; path = FeedView.swift; sourceTree = "<group>"; };
		B9FDCD732982CF4300002DD0 /* UploadPostView.swift */ = {isa = PBXFileReference; lastKnownFileType = sourcecode.swift; path = UploadPostView.swift; sourceTree = "<group>"; };
/* End PBXFileReference section */

/* Begin PBXFrameworksBuildPhase section */
		B9FDCD2A2982CC1900002DD0 /* Frameworks */ = {
			isa = PBXFrameworksBuildPhase;
			buildActionMask = 2147483647;
			files = (
				B9382F6E298AA8D900909C99 /* FirebaseMessaging in Frameworks */,
				B9382F66298AA8D900909C99 /* FirebaseAuth in Frameworks */,
				B9382F7D298AB2B200909C99 /* Kingfisher in Frameworks */,
				B9382F6C298AA8D900909C99 /* FirebaseFunctions in Frameworks */,
				B9382F70298AA8D900909C99 /* FirebaseStorage in Frameworks */,
				B9382F68298AA8D900909C99 /* FirebaseFirestore in Frameworks */,
				B9382F6A298AA8D900909C99 /* FirebaseFirestoreSwift in Frameworks */,
			);
			runOnlyForDeploymentPostprocessing = 0;
		};
		B9FDCD3A2982CC1A00002DD0 /* Frameworks */ = {
			isa = PBXFrameworksBuildPhase;
			buildActionMask = 2147483647;
			files = (
			);
			runOnlyForDeploymentPostprocessing = 0;
		};
		B9FDCD442982CC1A00002DD0 /* Frameworks */ = {
			isa = PBXFrameworksBuildPhase;
			buildActionMask = 2147483647;
			files = (
			);
			runOnlyForDeploymentPostprocessing = 0;
		};
/* End PBXFrameworksBuildPhase section */

/* Begin PBXGroup section */
		B9382F2A2989228000909C99 /* Font */ = {
			isa = PBXGroup;
			children = (
				B9382F2F29892B1800909C99 /* vinyl_bold.otf */,
				B9382F2E29892B1800909C99 /* vinyl_regular.otf */,
			);
			path = Font;
			sourceTree = "<group>";
		};
		B9FDCD242982CC1900002DD0 = {
			isa = PBXGroup;
			children = (
				B9FDCD2F2982CC1900002DD0 /* Instagram */,
				B9FDCD402982CC1A00002DD0 /* InstagramTests */,
				B9FDCD4A2982CC1A00002DD0 /* InstagramUITests */,
				B9FDCD2E2982CC1900002DD0 /* Products */,
			);
			sourceTree = "<group>";
		};
		B9FDCD2E2982CC1900002DD0 /* Products */ = {
			isa = PBXGroup;
			children = (
				B9FDCD2D2982CC1900002DD0 /* Instagram.app */,
				B9FDCD3D2982CC1A00002DD0 /* InstagramTests.xctest */,
				B9FDCD472982CC1A00002DD0 /* InstagramUITests.xctest */,
			);
			name = Products;
			sourceTree = "<group>";
		};
		B9FDCD2F2982CC1900002DD0 /* Instagram */ = {
			isa = PBXGroup;
			children = (
				B9382F2A2989228000909C99 /* Font */,
				B9FDCD5D2982CC4300002DD0 /* Model */,
				B9FDCD5C2982CC4000002DD0 /* ViewViewModel */,
				B9FDCD5B2982CC3E00002DD0 /* API */,
				B9FDCD5A2982CC3B00002DD0 /* Utils */,
				B9FDCD302982CC1900002DD0 /* InstagramApp.swift */,
				B9382F502989779500909C99 /* GoogleService-Info.plist */,
				B9FDCD342982CC1A00002DD0 /* Assets.xcassets */,
				B9FDCD362982CC1A00002DD0 /* Preview Content */,
			);
			path = Instagram;
			sourceTree = "<group>";
		};
		B9FDCD362982CC1A00002DD0 /* Preview Content */ = {
			isa = PBXGroup;
			children = (
				B9FDCD372982CC1A00002DD0 /* Preview Assets.xcassets */,
			);
			path = "Preview Content";
			sourceTree = "<group>";
		};
		B9FDCD402982CC1A00002DD0 /* InstagramTests */ = {
			isa = PBXGroup;
			children = (
				B9FDCD412982CC1A00002DD0 /* InstagramTests.swift */,
			);
			path = InstagramTests;
			sourceTree = "<group>";
		};
		B9FDCD4A2982CC1A00002DD0 /* InstagramUITests */ = {
			isa = PBXGroup;
			children = (
				B9FDCD4B2982CC1A00002DD0 /* InstagramUITests.swift */,
				B9FDCD4D2982CC1A00002DD0 /* InstagramUITestsLaunchTests.swift */,
			);
			path = InstagramUITests;
			sourceTree = "<group>";
		};
		B9FDCD5A2982CC3B00002DD0 /* Utils */ = {
			isa = PBXGroup;
			children = (
				B9382F182987ED8D00909C99 /* Extentions.swift */,
				B9382F222989124F00909C99 /* ImagePicker.swift */,
				B9382F3A298934A800909C99 /* CustomTextField.swift */,
				B9382F3E298934C100909C99 /* CustomPasswordField.swift */,
				B9382F5C298A8DF200909C99 /* Constants.swift */,
				B98407FE298C1EA400BFA14E /* TextArea.swift */,
			);
			path = Utils;
			sourceTree = "<group>";
		};
		B9FDCD5B2982CC3E00002DD0 /* API */ = {
			isa = PBXGroup;
			children = (
				B9382F58298A6B7F00909C99 /* ImageUploader.swift */,
				B98407FA298BD6BB00BFA14E /* UserService.swift */,
			);
			path = API;
			sourceTree = "<group>";
		};
		B9FDCD5C2982CC4000002DD0 /* ViewViewModel */ = {
			isa = PBXGroup;
			children = (
				B9FDCD662982CCA200002DD0 /* Items */,
				B9FDCD652982CCA000002DD0 /* Authentication */,
				B9FDCD642982CC9E00002DD0 /* Notifications */,
				B9FDCD632982CC9D00002DD0 /* Search */,
				B9FDCD622982CC9900002DD0 /* Comments */,
				B9FDCD612982CC9000002DD0 /* Feed */,
				B9FDCD602982CC8D00002DD0 /* Profile */,
				B9FDCD5F2982CC8B00002DD0 /* UploadPost */,
				B9FDCD5E2982CC8800002DD0 /* Main */,
			);
			path = ViewViewModel;
			sourceTree = "<group>";
		};
		B9FDCD5D2982CC4300002DD0 /* Model */ = {
			isa = PBXGroup;
			children = (
				B9382F60298AA2CA00909C99 /* User.swift */,
			);
			path = Model;
			sourceTree = "<group>";
		};
		B9FDCD5E2982CC8800002DD0 /* Main */ = {
			isa = PBXGroup;
			children = (
				B9FDCD672982CD0800002DD0 /* ContentView.swift */,
				B9FDCD6F2982CED500002DD0 /* MainTabView.swift */,
			);
			path = Main;
			sourceTree = "<group>";
		};
		B9FDCD5F2982CC8B00002DD0 /* UploadPost */ = {
			isa = PBXGroup;
			children = (
				B9FDCD732982CF4300002DD0 /* UploadPostView.swift */,
				B98407FC298C06E300BFA14E /* UploadPostViewModel.swift */,
			);
			path = UploadPost;
			sourceTree = "<group>";
		};
		B9FDCD602982CC8D00002DD0 /* Profile */ = {
			isa = PBXGroup;
			children = (
				B9FDCD692982CD2200002DD0 /* ProfileView.swift */,
				B9382F202988197200909C99 /* ProfileActionButton.swift */,
				B9382F1C2988065000909C99 /* ProfileHeaderView.swift */,
				B9382F1E2988118800909C99 /* UserStatView.swift */,
				B98407F8298BC05E00BFA14E /* ProfileViewModel.swift */,
			);
			path = Profile;
			sourceTree = "<group>";
		};
		B9FDCD612982CC9000002DD0 /* Feed */ = {
			isa = PBXGroup;
			children = (
				B9FDCD712982CEFE00002DD0 /* FeedView.swift */,
				B9382F0C2987D24000909C99 /* FeedCell.swift */,
			);
			path = Feed;
			sourceTree = "<group>";
		};
		B9FDCD622982CC9900002DD0 /* Comments */ = {
			isa = PBXGroup;
			children = (
			);
			path = Comments;
			sourceTree = "<group>";
		};
		B9FDCD632982CC9D00002DD0 /* Search */ = {
			isa = PBXGroup;
			children = (
				B9FDCD6B2982CD3C00002DD0 /* SearchView.swift */,
				B9382F102987E3E600909C99 /* SearchBar.swift */,
				B9382F71298AAAFA00909C99 /* SearchViewModel.swift */,
			);
			path = Search;
			sourceTree = "<group>";
		};
		B9FDCD642982CC9E00002DD0 /* Notifications */ = {
			isa = PBXGroup;
			children = (
				B9FDCD6D2982CD5300002DD0 /* NotificationView.swift */,
				B9382F1A2988030B00909C99 /* NotificationCell.swift */,
			);
			path = Notifications;
			sourceTree = "<group>";
		};
		B9FDCD652982CCA000002DD0 /* Authentication */ = {
			isa = PBXGroup;
			children = (
				B9382F242989203D00909C99 /* LoginView.swift */,
				B9382F262989204D00909C99 /* RegistrationView.swift */,
				B9382F282989205C00909C99 /* ResetPasswordView.swift */,
				B9382F54298A5BEF00909C99 /* AuthViewModel.swift */,
			);
			path = Authentication;
			sourceTree = "<group>";
		};
		B9FDCD662982CCA200002DD0 /* Items */ = {
			isa = PBXGroup;
			children = (
				B9382F122987E5DF00909C99 /* PostGridView.swift */,
				B9382F142987E79300909C99 /* UserListView.swift */,
				B9382F162987E7A400909C99 /* UserCell.swift */,
			);
			path = Items;
			sourceTree = "<group>";
		};
/* End PBXGroup section */

/* Begin PBXNativeTarget section */
		B9FDCD2C2982CC1900002DD0 /* Instagram */ = {
			isa = PBXNativeTarget;
			buildConfigurationList = B9FDCD512982CC1A00002DD0 /* Build configuration list for PBXNativeTarget "Instagram" */;
			buildPhases = (
				B9FDCD292982CC1900002DD0 /* Sources */,
				B9FDCD2A2982CC1900002DD0 /* Frameworks */,
				B9FDCD2B2982CC1900002DD0 /* Resources */,
			);
			buildRules = (
			);
			dependencies = (
			);
			name = Instagram;
			packageProductDependencies = (
				B9382F65298AA8D900909C99 /* FirebaseAuth */,
				B9382F67298AA8D900909C99 /* FirebaseFirestore */,
				B9382F69298AA8D900909C99 /* FirebaseFirestoreSwift */,
				B9382F6B298AA8D900909C99 /* FirebaseFunctions */,
				B9382F6D298AA8D900909C99 /* FirebaseMessaging */,
				B9382F6F298AA8D900909C99 /* FirebaseStorage */,
				B9382F7C298AB2B200909C99 /* Kingfisher */,
			);
			productName = Instagram;
			productReference = B9FDCD2D2982CC1900002DD0 /* Instagram.app */;
			productType = "com.apple.product-type.application";
		};
		B9FDCD3C2982CC1A00002DD0 /* InstagramTests */ = {
			isa = PBXNativeTarget;
			buildConfigurationList = B9FDCD542982CC1A00002DD0 /* Build configuration list for PBXNativeTarget "InstagramTests" */;
			buildPhases = (
				B9FDCD392982CC1A00002DD0 /* Sources */,
				B9FDCD3A2982CC1A00002DD0 /* Frameworks */,
				B9FDCD3B2982CC1A00002DD0 /* Resources */,
			);
			buildRules = (
			);
			dependencies = (
				B9FDCD3F2982CC1A00002DD0 /* PBXTargetDependency */,
			);
			name = InstagramTests;
			productName = InstagramTests;
			productReference = B9FDCD3D2982CC1A00002DD0 /* InstagramTests.xctest */;
			productType = "com.apple.product-type.bundle.unit-test";
		};
		B9FDCD462982CC1A00002DD0 /* InstagramUITests */ = {
			isa = PBXNativeTarget;
			buildConfigurationList = B9FDCD572982CC1A00002DD0 /* Build configuration list for PBXNativeTarget "InstagramUITests" */;
			buildPhases = (
				B9FDCD432982CC1A00002DD0 /* Sources */,
				B9FDCD442982CC1A00002DD0 /* Frameworks */,
				B9FDCD452982CC1A00002DD0 /* Resources */,
			);
			buildRules = (
			);
			dependencies = (
				B9FDCD492982CC1A00002DD0 /* PBXTargetDependency */,
			);
			name = InstagramUITests;
			productName = InstagramUITests;
			productReference = B9FDCD472982CC1A00002DD0 /* InstagramUITests.xctest */;
			productType = "com.apple.product-type.bundle.ui-testing";
		};
/* End PBXNativeTarget section */

/* Begin PBXProject section */
		B9FDCD252982CC1900002DD0 /* Project object */ = {
			isa = PBXProject;
			attributes = {
				BuildIndependentTargetsInParallel = 1;
				LastSwiftUpdateCheck = 1420;
				LastUpgradeCheck = 1420;
				TargetAttributes = {
					B9FDCD2C2982CC1900002DD0 = {
						CreatedOnToolsVersion = 14.2;
					};
					B9FDCD3C2982CC1A00002DD0 = {
						CreatedOnToolsVersion = 14.2;
						TestTargetID = B9FDCD2C2982CC1900002DD0;
					};
					B9FDCD462982CC1A00002DD0 = {
						CreatedOnToolsVersion = 14.2;
						TestTargetID = B9FDCD2C2982CC1900002DD0;
					};
				};
			};
			buildConfigurationList = B9FDCD282982CC1900002DD0 /* Build configuration list for PBXProject "Instagram" */;
			compatibilityVersion = "Xcode 14.0";
			developmentRegion = en;
			hasScannedForEncodings = 0;
			knownRegions = (
				en,
				Base,
			);
			mainGroup = B9FDCD242982CC1900002DD0;
			packageReferences = (
				B9382F64298AA8D900909C99 /* XCRemoteSwiftPackageReference "firebase-ios-sdk" */,
				B9382F7B298AB2B200909C99 /* XCRemoteSwiftPackageReference "Kingfisher" */,
			);
			productRefGroup = B9FDCD2E2982CC1900002DD0 /* Products */;
			projectDirPath = "";
			projectRoot = "";
			targets = (
				B9FDCD2C2982CC1900002DD0 /* Instagram */,
				B9FDCD3C2982CC1A00002DD0 /* InstagramTests */,
				B9FDCD462982CC1A00002DD0 /* InstagramUITests */,
			);
		};
/* End PBXProject section */

/* Begin PBXResourcesBuildPhase section */
		B9FDCD2B2982CC1900002DD0 /* Resources */ = {
			isa = PBXResourcesBuildPhase;
			buildActionMask = 2147483647;
			files = (
				B9FDCD382982CC1A00002DD0 /* Preview Assets.xcassets in Resources */,
				B9FDCD352982CC1A00002DD0 /* Assets.xcassets in Resources */,
				B9382F512989779500909C99 /* GoogleService-Info.plist in Resources */,
				B9382F3329892B1800909C99 /* vinyl_bold.otf in Resources */,
				B9382F3029892B1800909C99 /* vinyl_regular.otf in Resources */,
			);
			runOnlyForDeploymentPostprocessing = 0;
		};
		B9FDCD3B2982CC1A00002DD0 /* Resources */ = {
			isa = PBXResourcesBuildPhase;
			buildActionMask = 2147483647;
			files = (
				B9382F3429892B1800909C99 /* vinyl_bold.otf in Resources */,
				B9382F3129892B1800909C99 /* vinyl_regular.otf in Resources */,
				B9382F522989779500909C99 /* GoogleService-Info.plist in Resources */,
			);
			runOnlyForDeploymentPostprocessing = 0;
		};
		B9FDCD452982CC1A00002DD0 /* Resources */ = {
			isa = PBXResourcesBuildPhase;
			buildActionMask = 2147483647;
			files = (
				B9382F3529892B1800909C99 /* vinyl_bold.otf in Resources */,
				B9382F3229892B1800909C99 /* vinyl_regular.otf in Resources */,
				B9382F532989779500909C99 /* GoogleService-Info.plist in Resources */,
			);
			runOnlyForDeploymentPostprocessing = 0;
		};
/* End PBXResourcesBuildPhase section */

/* Begin PBXSourcesBuildPhase section */
		B9FDCD292982CC1900002DD0 /* Sources */ = {
			isa = PBXSourcesBuildPhase;
			buildActionMask = 2147483647;
			files = (
				B9FDCD722982CEFE00002DD0 /* FeedView.swift in Sources */,
				B9382F172987E7A400909C99 /* UserCell.swift in Sources */,
				B9FDCD6C2982CD3C00002DD0 /* SearchView.swift in Sources */,
				B9382F272989204D00909C99 /* RegistrationView.swift in Sources */,
				B9382F3B298934A800909C99 /* CustomTextField.swift in Sources */,
				B9382F59298A6B7F00909C99 /* ImageUploader.swift in Sources */,
				B9382F212988197200909C99 /* ProfileActionButton.swift in Sources */,
				B9382F3F298934C100909C99 /* CustomPasswordField.swift in Sources */,
				B9382F132987E5DF00909C99 /* PostGridView.swift in Sources */,
				B9FDCD682982CD0800002DD0 /* ContentView.swift in Sources */,
				B9382F292989205C00909C99 /* ResetPasswordView.swift in Sources */,
				B98407FD298C06E300BFA14E /* UploadPostViewModel.swift in Sources */,
				B9FDCD6A2982CD2200002DD0 /* ProfileView.swift in Sources */,
				B98407FF298C1EA400BFA14E /* TextArea.swift in Sources */,
				B9382F232989124F00909C99 /* ImagePicker.swift in Sources */,
				B98407FB298BD6BB00BFA14E /* UserService.swift in Sources */,
				B9382F192987ED8D00909C99 /* Extentions.swift in Sources */,
				B9382F1D2988065000909C99 /* ProfileHeaderView.swift in Sources */,
				B9FDCD312982CC1900002DD0 /* InstagramApp.swift in Sources */,
				B9382F1F2988118800909C99 /* UserStatView.swift in Sources */,
				B9FDCD742982CF4300002DD0 /* UploadPostView.swift in Sources */,
				B9382F72298AAAFA00909C99 /* SearchViewModel.swift in Sources */,
				B9382F152987E79300909C99 /* UserListView.swift in Sources */,
				B9382F0D2987D24000909C99 /* FeedCell.swift in Sources */,
				B9382F61298AA2CA00909C99 /* User.swift in Sources */,
				B9382F112987E3E600909C99 /* SearchBar.swift in Sources */,
				B9382F55298A5BEF00909C99 /* AuthViewModel.swift in Sources */,
				B98407F9298BC05E00BFA14E /* ProfileViewModel.swift in Sources */,
				B9FDCD6E2982CD5300002DD0 /* NotificationView.swift in Sources */,
				B9382F1B2988030B00909C99 /* NotificationCell.swift in Sources */,
				B9382F252989203D00909C99 /* LoginView.swift in Sources */,
				B9FDCD702982CED500002DD0 /* MainTabView.swift in Sources */,
				B9382F5D298A8DF200909C99 /* Constants.swift in Sources */,
			);
			runOnlyForDeploymentPostprocessing = 0;
		};
		B9FDCD392982CC1A00002DD0 /* Sources */ = {
			isa = PBXSourcesBuildPhase;
			buildActionMask = 2147483647;
			files = (
				B9382F5E298A8DF200909C99 /* Constants.swift in Sources */,
				B9382F73298AAAFA00909C99 /* SearchViewModel.swift in Sources */,
				B9382F40298934C100909C99 /* CustomPasswordField.swift in Sources */,
				B9382F62298AA2CA00909C99 /* User.swift in Sources */,
				B9382F5A298A6B7F00909C99 /* ImageUploader.swift in Sources */,
				B9FDCD422982CC1A00002DD0 /* InstagramTests.swift in Sources */,
				B9382F56298A5BEF00909C99 /* AuthViewModel.swift in Sources */,
			);
			runOnlyForDeploymentPostprocessing = 0;
		};
		B9FDCD432982CC1A00002DD0 /* Sources */ = {
			isa = PBXSourcesBuildPhase;
			buildActionMask = 2147483647;
			files = (
				B9382F57298A5BEF00909C99 /* AuthViewModel.swift in Sources */,
				B9382F41298934C100909C99 /* CustomPasswordField.swift in Sources */,
				B9382F74298AAAFA00909C99 /* SearchViewModel.swift in Sources */,
				B9382F5B298A6B7F00909C99 /* ImageUploader.swift in Sources */,
				B9FDCD4C2982CC1A00002DD0 /* InstagramUITests.swift in Sources */,
				B9FDCD4E2982CC1A00002DD0 /* InstagramUITestsLaunchTests.swift in Sources */,
				B9382F5F298A8DF200909C99 /* Constants.swift in Sources */,
				B9382F63298AA2CA00909C99 /* User.swift in Sources */,
			);
			runOnlyForDeploymentPostprocessing = 0;
		};
/* End PBXSourcesBuildPhase section */

/* Begin PBXTargetDependency section */
		B9FDCD3F2982CC1A00002DD0 /* PBXTargetDependency */ = {
			isa = PBXTargetDependency;
			target = B9FDCD2C2982CC1900002DD0 /* Instagram */;
			targetProxy = B9FDCD3E2982CC1A00002DD0 /* PBXContainerItemProxy */;
		};
		B9FDCD492982CC1A00002DD0 /* PBXTargetDependency */ = {
			isa = PBXTargetDependency;
			target = B9FDCD2C2982CC1900002DD0 /* Instagram */;
			targetProxy = B9FDCD482982CC1A00002DD0 /* PBXContainerItemProxy */;
		};
/* End PBXTargetDependency section */

/* Begin XCBuildConfiguration section */
		B9FDCD4F2982CC1A00002DD0 /* Debug */ = {
			isa = XCBuildConfiguration;
			buildSettings = {
				ALWAYS_SEARCH_USER_PATHS = NO;
				CLANG_ANALYZER_NONNULL = YES;
				CLANG_ANALYZER_NUMBER_OBJECT_CONVERSION = YES_AGGRESSIVE;
				CLANG_CXX_LANGUAGE_STANDARD = "gnu++20";
				CLANG_ENABLE_MODULES = YES;
				CLANG_ENABLE_OBJC_ARC = YES;
				CLANG_ENABLE_OBJC_WEAK = YES;
				CLANG_WARN_BLOCK_CAPTURE_AUTORELEASING = YES;
				CLANG_WARN_BOOL_CONVERSION = YES;
				CLANG_WARN_COMMA = YES;
				CLANG_WARN_CONSTANT_CONVERSION = YES;
				CLANG_WARN_DEPRECATED_OBJC_IMPLEMENTATIONS = YES;
				CLANG_WARN_DIRECT_OBJC_ISA_USAGE = YES_ERROR;
				CLANG_WARN_DOCUMENTATION_COMMENTS = YES;
				CLANG_WARN_EMPTY_BODY = YES;
				CLANG_WARN_ENUM_CONVERSION = YES;
				CLANG_WARN_INFINITE_RECURSION = YES;
				CLANG_WARN_INT_CONVERSION = YES;
				CLANG_WARN_NON_LITERAL_NULL_CONVERSION = YES;
				CLANG_WARN_OBJC_IMPLICIT_RETAIN_SELF = YES;
				CLANG_WARN_OBJC_LITERAL_CONVERSION = YES;
				CLANG_WARN_OBJC_ROOT_CLASS = YES_ERROR;
				CLANG_WARN_QUOTED_INCLUDE_IN_FRAMEWORK_HEADER = YES;
				CLANG_WARN_RANGE_LOOP_ANALYSIS = YES;
				CLANG_WARN_STRICT_PROTOTYPES = YES;
				CLANG_WARN_SUSPICIOUS_MOVE = YES;
				CLANG_WARN_UNGUARDED_AVAILABILITY = YES_AGGRESSIVE;
				CLANG_WARN_UNREACHABLE_CODE = YES;
				CLANG_WARN__DUPLICATE_METHOD_MATCH = YES;
				COPY_PHASE_STRIP = NO;
				DEBUG_INFORMATION_FORMAT = dwarf;
				ENABLE_STRICT_OBJC_MSGSEND = YES;
				ENABLE_TESTABILITY = YES;
				GCC_C_LANGUAGE_STANDARD = gnu11;
				GCC_DYNAMIC_NO_PIC = NO;
				GCC_NO_COMMON_BLOCKS = YES;
				GCC_OPTIMIZATION_LEVEL = 0;
				GCC_PREPROCESSOR_DEFINITIONS = (
					"DEBUG=1",
					"$(inherited)",
				);
				GCC_WARN_64_TO_32_BIT_CONVERSION = YES;
				GCC_WARN_ABOUT_RETURN_TYPE = YES_ERROR;
				GCC_WARN_UNDECLARED_SELECTOR = YES;
				GCC_WARN_UNINITIALIZED_AUTOS = YES_AGGRESSIVE;
				GCC_WARN_UNUSED_FUNCTION = YES;
				GCC_WARN_UNUSED_VARIABLE = YES;
				IPHONEOS_DEPLOYMENT_TARGET = 16.2;
				MTL_ENABLE_DEBUG_INFO = INCLUDE_SOURCE;
				MTL_FAST_MATH = YES;
				ONLY_ACTIVE_ARCH = YES;
				SDKROOT = iphoneos;
				SWIFT_ACTIVE_COMPILATION_CONDITIONS = DEBUG;
				SWIFT_OPTIMIZATION_LEVEL = "-Onone";
			};
			name = Debug;
		};
		B9FDCD502982CC1A00002DD0 /* Release */ = {
			isa = XCBuildConfiguration;
			buildSettings = {
				ALWAYS_SEARCH_USER_PATHS = NO;
				CLANG_ANALYZER_NONNULL = YES;
				CLANG_ANALYZER_NUMBER_OBJECT_CONVERSION = YES_AGGRESSIVE;
				CLANG_CXX_LANGUAGE_STANDARD = "gnu++20";
				CLANG_ENABLE_MODULES = YES;
				CLANG_ENABLE_OBJC_ARC = YES;
				CLANG_ENABLE_OBJC_WEAK = YES;
				CLANG_WARN_BLOCK_CAPTURE_AUTORELEASING = YES;
				CLANG_WARN_BOOL_CONVERSION = YES;
				CLANG_WARN_COMMA = YES;
				CLANG_WARN_CONSTANT_CONVERSION = YES;
				CLANG_WARN_DEPRECATED_OBJC_IMPLEMENTATIONS = YES;
				CLANG_WARN_DIRECT_OBJC_ISA_USAGE = YES_ERROR;
				CLANG_WARN_DOCUMENTATION_COMMENTS = YES;
				CLANG_WARN_EMPTY_BODY = YES;
				CLANG_WARN_ENUM_CONVERSION = YES;
				CLANG_WARN_INFINITE_RECURSION = YES;
				CLANG_WARN_INT_CONVERSION = YES;
				CLANG_WARN_NON_LITERAL_NULL_CONVERSION = YES;
				CLANG_WARN_OBJC_IMPLICIT_RETAIN_SELF = YES;
				CLANG_WARN_OBJC_LITERAL_CONVERSION = YES;
				CLANG_WARN_OBJC_ROOT_CLASS = YES_ERROR;
				CLANG_WARN_QUOTED_INCLUDE_IN_FRAMEWORK_HEADER = YES;
				CLANG_WARN_RANGE_LOOP_ANALYSIS = YES;
				CLANG_WARN_STRICT_PROTOTYPES = YES;
				CLANG_WARN_SUSPICIOUS_MOVE = YES;
				CLANG_WARN_UNGUARDED_AVAILABILITY = YES_AGGRESSIVE;
				CLANG_WARN_UNREACHABLE_CODE = YES;
				CLANG_WARN__DUPLICATE_METHOD_MATCH = YES;
				COPY_PHASE_STRIP = NO;
				DEBUG_INFORMATION_FORMAT = "dwarf-with-dsym";
				ENABLE_NS_ASSERTIONS = NO;
				ENABLE_STRICT_OBJC_MSGSEND = YES;
				GCC_C_LANGUAGE_STANDARD = gnu11;
				GCC_NO_COMMON_BLOCKS = YES;
				GCC_WARN_64_TO_32_BIT_CONVERSION = YES;
				GCC_WARN_ABOUT_RETURN_TYPE = YES_ERROR;
				GCC_WARN_UNDECLARED_SELECTOR = YES;
				GCC_WARN_UNINITIALIZED_AUTOS = YES_AGGRESSIVE;
				GCC_WARN_UNUSED_FUNCTION = YES;
				GCC_WARN_UNUSED_VARIABLE = YES;
				IPHONEOS_DEPLOYMENT_TARGET = 16.2;
				MTL_ENABLE_DEBUG_INFO = NO;
				MTL_FAST_MATH = YES;
				SDKROOT = iphoneos;
				SWIFT_COMPILATION_MODE = wholemodule;
				SWIFT_OPTIMIZATION_LEVEL = "-O";
				VALIDATE_PRODUCT = YES;
			};
			name = Release;
		};
		B9FDCD522982CC1A00002DD0 /* Debug */ = {
			isa = XCBuildConfiguration;
			buildSettings = {
				ASSETCATALOG_COMPILER_APPICON_NAME = AppIcon;
				ASSETCATALOG_COMPILER_GLOBAL_ACCENT_COLOR_NAME = AccentColor;
				CODE_SIGN_STYLE = Automatic;
				CURRENT_PROJECT_VERSION = 1;
				DEVELOPMENT_ASSET_PATHS = "\"Instagram/Preview Content\"";
				ENABLE_PREVIEWS = YES;
				GENERATE_INFOPLIST_FILE = YES;
				INFOPLIST_FILE = Instagram/Info.plist;
				INFOPLIST_KEY_UIApplicationSceneManifest_Generation = YES;
				INFOPLIST_KEY_UIApplicationSupportsIndirectInputEvents = YES;
				INFOPLIST_KEY_UILaunchScreen_Generation = YES;
				INFOPLIST_KEY_UISupportedInterfaceOrientations_iPad = "UIInterfaceOrientationPortrait UIInterfaceOrientationPortraitUpsideDown UIInterfaceOrientationLandscapeLeft UIInterfaceOrientationLandscapeRight";
				INFOPLIST_KEY_UISupportedInterfaceOrientations_iPhone = "UIInterfaceOrientationPortrait UIInterfaceOrientationLandscapeLeft UIInterfaceOrientationLandscapeRight";
				LD_RUNPATH_SEARCH_PATHS = (
					"$(inherited)",
					"@executable_path/Frameworks",
				);
				MARKETING_VERSION = 1.0;
				PRODUCT_BUNDLE_IDENTIFIER = com.infinitywork.Instagram;
				PRODUCT_NAME = "$(TARGET_NAME)";
				SWIFT_EMIT_LOC_STRINGS = YES;
				SWIFT_VERSION = 5.0;
				TARGETED_DEVICE_FAMILY = "1,2";
			};
			name = Debug;
		};
		B9FDCD532982CC1A00002DD0 /* Release */ = {
			isa = XCBuildConfiguration;
			buildSettings = {
				ASSETCATALOG_COMPILER_APPICON_NAME = AppIcon;
				ASSETCATALOG_COMPILER_GLOBAL_ACCENT_COLOR_NAME = AccentColor;
				CODE_SIGN_STYLE = Automatic;
				CURRENT_PROJECT_VERSION = 1;
				DEVELOPMENT_ASSET_PATHS = "\"Instagram/Preview Content\"";
				ENABLE_PREVIEWS = YES;
				GENERATE_INFOPLIST_FILE = YES;
				INFOPLIST_FILE = Instagram/Info.plist;
				INFOPLIST_KEY_UIApplicationSceneManifest_Generation = YES;
				INFOPLIST_KEY_UIApplicationSupportsIndirectInputEvents = YES;
				INFOPLIST_KEY_UILaunchScreen_Generation = YES;
				INFOPLIST_KEY_UISupportedInterfaceOrientations_iPad = "UIInterfaceOrientationPortrait UIInterfaceOrientationPortraitUpsideDown UIInterfaceOrientationLandscapeLeft UIInterfaceOrientationLandscapeRight";
				INFOPLIST_KEY_UISupportedInterfaceOrientations_iPhone = "UIInterfaceOrientationPortrait UIInterfaceOrientationLandscapeLeft UIInterfaceOrientationLandscapeRight";
				LD_RUNPATH_SEARCH_PATHS = (
					"$(inherited)",
					"@executable_path/Frameworks",
				);
				MARKETING_VERSION = 1.0;
				PRODUCT_BUNDLE_IDENTIFIER = com.infinitywork.Instagram;
				PRODUCT_NAME = "$(TARGET_NAME)";
				SWIFT_EMIT_LOC_STRINGS = YES;
				SWIFT_VERSION = 5.0;
				TARGETED_DEVICE_FAMILY = "1,2";
			};
			name = Release;
		};
		B9FDCD552982CC1A00002DD0 /* Debug */ = {
			isa = XCBuildConfiguration;
			buildSettings = {
				ALWAYS_EMBED_SWIFT_STANDARD_LIBRARIES = YES;
				BUNDLE_LOADER = "$(TEST_HOST)";
				CODE_SIGN_STYLE = Automatic;
				CURRENT_PROJECT_VERSION = 1;
				GENERATE_INFOPLIST_FILE = YES;
				IPHONEOS_DEPLOYMENT_TARGET = 16.2;
				MARKETING_VERSION = 1.0;
				PRODUCT_BUNDLE_IDENTIFIER = com.infinitywork.InstagramTests;
				PRODUCT_NAME = "$(TARGET_NAME)";
				SWIFT_EMIT_LOC_STRINGS = NO;
				SWIFT_VERSION = 5.0;
				TARGETED_DEVICE_FAMILY = "1,2";
				TEST_HOST = "$(BUILT_PRODUCTS_DIR)/Instagram.app/$(BUNDLE_EXECUTABLE_FOLDER_PATH)/Instagram";
			};
			name = Debug;
		};
		B9FDCD562982CC1A00002DD0 /* Release */ = {
			isa = XCBuildConfiguration;
			buildSettings = {
				ALWAYS_EMBED_SWIFT_STANDARD_LIBRARIES = YES;
				BUNDLE_LOADER = "$(TEST_HOST)";
				CODE_SIGN_STYLE = Automatic;
				CURRENT_PROJECT_VERSION = 1;
				GENERATE_INFOPLIST_FILE = YES;
				IPHONEOS_DEPLOYMENT_TARGET = 16.2;
				MARKETING_VERSION = 1.0;
				PRODUCT_BUNDLE_IDENTIFIER = com.infinitywork.InstagramTests;
				PRODUCT_NAME = "$(TARGET_NAME)";
				SWIFT_EMIT_LOC_STRINGS = NO;
				SWIFT_VERSION = 5.0;
				TARGETED_DEVICE_FAMILY = "1,2";
				TEST_HOST = "$(BUILT_PRODUCTS_DIR)/Instagram.app/$(BUNDLE_EXECUTABLE_FOLDER_PATH)/Instagram";
			};
			name = Release;
		};
		B9FDCD582982CC1A00002DD0 /* Debug */ = {
			isa = XCBuildConfiguration;
			buildSettings = {
				ALWAYS_EMBED_SWIFT_STANDARD_LIBRARIES = YES;
				CODE_SIGN_STYLE = Automatic;
				CURRENT_PROJECT_VERSION = 1;
				GENERATE_INFOPLIST_FILE = YES;
				MARKETING_VERSION = 1.0;
				PRODUCT_BUNDLE_IDENTIFIER = com.infinitywork.InstagramUITests;
				PRODUCT_NAME = "$(TARGET_NAME)";
				SWIFT_EMIT_LOC_STRINGS = NO;
				SWIFT_VERSION = 5.0;
				TARGETED_DEVICE_FAMILY = "1,2";
				TEST_TARGET_NAME = Instagram;
			};
			name = Debug;
		};
		B9FDCD592982CC1A00002DD0 /* Release */ = {
			isa = XCBuildConfiguration;
			buildSettings = {
				ALWAYS_EMBED_SWIFT_STANDARD_LIBRARIES = YES;
				CODE_SIGN_STYLE = Automatic;
				CURRENT_PROJECT_VERSION = 1;
				GENERATE_INFOPLIST_FILE = YES;
				MARKETING_VERSION = 1.0;
				PRODUCT_BUNDLE_IDENTIFIER = com.infinitywork.InstagramUITests;
				PRODUCT_NAME = "$(TARGET_NAME)";
				SWIFT_EMIT_LOC_STRINGS = NO;
				SWIFT_VERSION = 5.0;
				TARGETED_DEVICE_FAMILY = "1,2";
				TEST_TARGET_NAME = Instagram;
			};
			name = Release;
		};
/* End XCBuildConfiguration section */

/* Begin XCConfigurationList section */
		B9FDCD282982CC1900002DD0 /* Build configuration list for PBXProject "Instagram" */ = {
			isa = XCConfigurationList;
			buildConfigurations = (
				B9FDCD4F2982CC1A00002DD0 /* Debug */,
				B9FDCD502982CC1A00002DD0 /* Release */,
			);
			defaultConfigurationIsVisible = 0;
			defaultConfigurationName = Release;
		};
		B9FDCD512982CC1A00002DD0 /* Build configuration list for PBXNativeTarget "Instagram" */ = {
			isa = XCConfigurationList;
			buildConfigurations = (
				B9FDCD522982CC1A00002DD0 /* Debug */,
				B9FDCD532982CC1A00002DD0 /* Release */,
			);
			defaultConfigurationIsVisible = 0;
			defaultConfigurationName = Release;
		};
		B9FDCD542982CC1A00002DD0 /* Build configuration list for PBXNativeTarget "InstagramTests" */ = {
			isa = XCConfigurationList;
			buildConfigurations = (
				B9FDCD552982CC1A00002DD0 /* Debug */,
				B9FDCD562982CC1A00002DD0 /* Release */,
			);
			defaultConfigurationIsVisible = 0;
			defaultConfigurationName = Release;
		};
		B9FDCD572982CC1A00002DD0 /* Build configuration list for PBXNativeTarget "InstagramUITests" */ = {
			isa = XCConfigurationList;
			buildConfigurations = (
				B9FDCD582982CC1A00002DD0 /* Debug */,
				B9FDCD592982CC1A00002DD0 /* Release */,
			);
			defaultConfigurationIsVisible = 0;
			defaultConfigurationName = Release;
		};
/* End XCConfigurationList section */

/* Begin XCRemoteSwiftPackageReference section */
		B9382F64298AA8D900909C99 /* XCRemoteSwiftPackageReference "firebase-ios-sdk" */ = {
			isa = XCRemoteSwiftPackageReference;
			repositoryURL = "https://github.com/firebase/firebase-ios-sdk.git";
			requirement = {
				kind = upToNextMajorVersion;
				minimumVersion = 9.0.0;
			};
		};
		B9382F7B298AB2B200909C99 /* XCRemoteSwiftPackageReference "Kingfisher" */ = {
			isa = XCRemoteSwiftPackageReference;
			repositoryURL = "https://github.com/onevcat/Kingfisher.git";
			requirement = {
				kind = versionRange;
				maximumVersion = 8.0.0;
				minimumVersion = 7.0.0;
			};
		};
/* End XCRemoteSwiftPackageReference section */

/* Begin XCSwiftPackageProductDependency section */
		B9382F65298AA8D900909C99 /* FirebaseAuth */ = {
			isa = XCSwiftPackageProductDependency;
			package = B9382F64298AA8D900909C99 /* XCRemoteSwiftPackageReference "firebase-ios-sdk" */;
			productName = FirebaseAuth;
		};
		B9382F67298AA8D900909C99 /* FirebaseFirestore */ = {
			isa = XCSwiftPackageProductDependency;
			package = B9382F64298AA8D900909C99 /* XCRemoteSwiftPackageReference "firebase-ios-sdk" */;
			productName = FirebaseFirestore;
		};
		B9382F69298AA8D900909C99 /* FirebaseFirestoreSwift */ = {
			isa = XCSwiftPackageProductDependency;
			package = B9382F64298AA8D900909C99 /* XCRemoteSwiftPackageReference "firebase-ios-sdk" */;
			productName = FirebaseFirestoreSwift;
		};
		B9382F6B298AA8D900909C99 /* FirebaseFunctions */ = {
			isa = XCSwiftPackageProductDependency;
			package = B9382F64298AA8D900909C99 /* XCRemoteSwiftPackageReference "firebase-ios-sdk" */;
			productName = FirebaseFunctions;
		};
		B9382F6D298AA8D900909C99 /* FirebaseMessaging */ = {
			isa = XCSwiftPackageProductDependency;
			package = B9382F64298AA8D900909C99 /* XCRemoteSwiftPackageReference "firebase-ios-sdk" */;
			productName = FirebaseMessaging;
		};
		B9382F6F298AA8D900909C99 /* FirebaseStorage */ = {
			isa = XCSwiftPackageProductDependency;
			package = B9382F64298AA8D900909C99 /* XCRemoteSwiftPackageReference "firebase-ios-sdk" */;
			productName = FirebaseStorage;
		};
		B9382F7C298AB2B200909C99 /* Kingfisher */ = {
			isa = XCSwiftPackageProductDependency;
			package = B9382F7B298AB2B200909C99 /* XCRemoteSwiftPackageReference "Kingfisher" */;
			productName = Kingfisher;
		};
/* End XCSwiftPackageProductDependency section */
	};
	rootObject = B9FDCD252982CC1900002DD0 /* Project object */;
}
