// !$*UTF8*$!
{
	archiveVersion = 1;
	classes = {
	};
	objectVersion = 56;
	objects = {

/* Begin PBXBuildFile section */
		B9FDCCDE2982BFA000002DD0 /* InstagramApp.swift in Sources */ = {isa = PBXBuildFile; fileRef = B9FDCCDD2982BFA000002DD0 /* InstagramApp.swift */; };
		B9FDCCE22982BFA300002DD0 /* Assets.xcassets in Resources */ = {isa = PBXBuildFile; fileRef = B9FDCCE12982BFA300002DD0 /* Assets.xcassets */; };
		B9FDCCE52982BFA300002DD0 /* Preview Assets.xcassets in Resources */ = {isa = PBXBuildFile; fileRef = B9FDCCE42982BFA300002DD0 /* Preview Assets.xcassets */; };
		B9FDCCEF2982BFA300002DD0 /* InstagramTests.swift in Sources */ = {isa = PBXBuildFile; fileRef = B9FDCCEE2982BFA300002DD0 /* InstagramTests.swift */; };
		B9FDCCF92982BFA300002DD0 /* InstagramUITests.swift in Sources */ = {isa = PBXBuildFile; fileRef = B9FDCCF82982BFA300002DD0 /* InstagramUITests.swift */; };
		B9FDCCFB2982BFA300002DD0 /* InstagramUITestsLaunchTests.swift in Sources */ = {isa = PBXBuildFile; fileRef = B9FDCCFA2982BFA300002DD0 /* InstagramUITestsLaunchTests.swift */; };
		B9FDCD0E2982C0BC00002DD0 /* ContentView.swift in Sources */ = {isa = PBXBuildFile; fileRef = B9FDCD0D2982C0BC00002DD0 /* ContentView.swift */; };
		B9FDCD172982C21100002DD0 /* MainTabView.swift in Sources */ = {isa = PBXBuildFile; fileRef = B9FDCD162982C21100002DD0 /* MainTabView.swift */; };
/* End PBXBuildFile section */

/* Begin PBXContainerItemProxy section */
		B9FDCCEB2982BFA300002DD0 /* PBXContainerItemProxy */ = {
			isa = PBXContainerItemProxy;
			containerPortal = B9FDCCD22982BFA000002DD0 /* Project object */;
			proxyType = 1;
			remoteGlobalIDString = B9FDCCD92982BFA000002DD0;
			remoteInfo = Instagram;
		};
		B9FDCCF52982BFA300002DD0 /* PBXContainerItemProxy */ = {
			isa = PBXContainerItemProxy;
			containerPortal = B9FDCCD22982BFA000002DD0 /* Project object */;
			proxyType = 1;
			remoteGlobalIDString = B9FDCCD92982BFA000002DD0;
			remoteInfo = Instagram;
		};
/* End PBXContainerItemProxy section */

/* Begin PBXFileReference section */
		B9FDCCDA2982BFA000002DD0 /* Instagram.app */ = {isa = PBXFileReference; explicitFileType = wrapper.application; includeInIndex = 0; path = Instagram.app; sourceTree = BUILT_PRODUCTS_DIR; };
		B9FDCCDD2982BFA000002DD0 /* InstagramApp.swift */ = {isa = PBXFileReference; lastKnownFileType = sourcecode.swift; path = InstagramApp.swift; sourceTree = "<group>"; };
		B9FDCCE12982BFA300002DD0 /* Assets.xcassets */ = {isa = PBXFileReference; lastKnownFileType = folder.assetcatalog; path = Assets.xcassets; sourceTree = "<group>"; };
		B9FDCCE42982BFA300002DD0 /* Preview Assets.xcassets */ = {isa = PBXFileReference; lastKnownFileType = folder.assetcatalog; path = "Preview Assets.xcassets"; sourceTree = "<group>"; };
		B9FDCCEA2982BFA300002DD0 /* InstagramTests.xctest */ = {isa = PBXFileReference; explicitFileType = wrapper.cfbundle; includeInIndex = 0; path = InstagramTests.xctest; sourceTree = BUILT_PRODUCTS_DIR; };
		B9FDCCEE2982BFA300002DD0 /* InstagramTests.swift */ = {isa = PBXFileReference; lastKnownFileType = sourcecode.swift; path = InstagramTests.swift; sourceTree = "<group>"; };
		B9FDCCF42982BFA300002DD0 /* InstagramUITests.xctest */ = {isa = PBXFileReference; explicitFileType = wrapper.cfbundle; includeInIndex = 0; path = InstagramUITests.xctest; sourceTree = BUILT_PRODUCTS_DIR; };
		B9FDCCF82982BFA300002DD0 /* InstagramUITests.swift */ = {isa = PBXFileReference; lastKnownFileType = sourcecode.swift; path = InstagramUITests.swift; sourceTree = "<group>"; };
		B9FDCCFA2982BFA300002DD0 /* InstagramUITestsLaunchTests.swift */ = {isa = PBXFileReference; lastKnownFileType = sourcecode.swift; path = InstagramUITestsLaunchTests.swift; sourceTree = "<group>"; };
		B9FDCD0D2982C0BC00002DD0 /* ContentView.swift */ = {isa = PBXFileReference; lastKnownFileType = sourcecode.swift; path = ContentView.swift; sourceTree = "<group>"; };
		B9FDCD162982C21100002DD0 /* MainTabView.swift */ = {isa = PBXFileReference; lastKnownFileType = sourcecode.swift; path = MainTabView.swift; sourceTree = "<group>"; };
/* End PBXFileReference section */

/* Begin PBXFrameworksBuildPhase section */
		B9FDCCD72982BFA000002DD0 /* Frameworks */ = {
			isa = PBXFrameworksBuildPhase;
			buildActionMask = 2147483647;
			files = (
			);
			runOnlyForDeploymentPostprocessing = 0;
		};
		B9FDCCE72982BFA300002DD0 /* Frameworks */ = {
			isa = PBXFrameworksBuildPhase;
			buildActionMask = 2147483647;
			files = (
			);
			runOnlyForDeploymentPostprocessing = 0;
		};
		B9FDCCF12982BFA300002DD0 /* Frameworks */ = {
			isa = PBXFrameworksBuildPhase;
			buildActionMask = 2147483647;
			files = (
			);
			runOnlyForDeploymentPostprocessing = 0;
		};
/* End PBXFrameworksBuildPhase section */

/* Begin PBXGroup section */
		B9FDCCD12982BFA000002DD0 = {
			isa = PBXGroup;
			children = (
				B9FDCCDC2982BFA000002DD0 /* Instagram */,
				B9FDCCED2982BFA300002DD0 /* InstagramTests */,
				B9FDCCF72982BFA300002DD0 /* InstagramUITests */,
				B9FDCCDB2982BFA000002DD0 /* Products */,
			);
			sourceTree = "<group>";
		};
		B9FDCCDB2982BFA000002DD0 /* Products */ = {
			isa = PBXGroup;
			children = (
				B9FDCCDA2982BFA000002DD0 /* Instagram.app */,
				B9FDCCEA2982BFA300002DD0 /* InstagramTests.xctest */,
				B9FDCCF42982BFA300002DD0 /* InstagramUITests.xctest */,
			);
			name = Products;
			sourceTree = "<group>";
		};
		B9FDCCDC2982BFA000002DD0 /* Instagram */ = {
			isa = PBXGroup;
			children = (
				B9FDCD0B2982C03400002DD0 /* View */,
				B9FDCD092982C03000002DD0 /* Api */,
				B9FDCD082982C02E00002DD0 /* Utils */,
				B9FDCD072982C02100002DD0 /* Model */,
				B9FDCCDD2982BFA000002DD0 /* InstagramApp.swift */,
				B9FDCCE12982BFA300002DD0 /* Assets.xcassets */,
				B9FDCCE32982BFA300002DD0 /* Preview Content */,
			);
			path = Instagram;
			sourceTree = "<group>";
		};
		B9FDCCE32982BFA300002DD0 /* Preview Content */ = {
			isa = PBXGroup;
			children = (
				B9FDCCE42982BFA300002DD0 /* Preview Assets.xcassets */,
			);
			path = "Preview Content";
			sourceTree = "<group>";
		};
		B9FDCCED2982BFA300002DD0 /* InstagramTests */ = {
			isa = PBXGroup;
			children = (
				B9FDCCEE2982BFA300002DD0 /* InstagramTests.swift */,
			);
			path = InstagramTests;
			sourceTree = "<group>";
		};
		B9FDCCF72982BFA300002DD0 /* InstagramUITests */ = {
			isa = PBXGroup;
			children = (
				B9FDCCF82982BFA300002DD0 /* InstagramUITests.swift */,
				B9FDCCFA2982BFA300002DD0 /* InstagramUITestsLaunchTests.swift */,
			);
			path = InstagramUITests;
			sourceTree = "<group>";
		};
		B9FDCD072982C02100002DD0 /* Model */ = {
			isa = PBXGroup;
			children = (
			);
			path = Model;
			sourceTree = "<group>";
		};
		B9FDCD082982C02E00002DD0 /* Utils */ = {
			isa = PBXGroup;
			children = (
			);
			path = Utils;
			sourceTree = "<group>";
		};
		B9FDCD092982C03000002DD0 /* Api */ = {
			isa = PBXGroup;
			children = (
			);
			path = Api;
			sourceTree = "<group>";
		};
		B9FDCD0B2982C03400002DD0 /* View */ = {
			isa = PBXGroup;
			children = (
				B9FDCD152982C12800002DD0 /* Items */,
				B9FDCD142982C11000002DD0 /* Authentication */,
				B9FDCD132982C10300002DD0 /* Notifications */,
				B9FDCD122982C0E600002DD0 /* UploadPost */,
				B9FDCD112982C0D600002DD0 /* Search */,
				B9FDCD102982C0D000002DD0 /* Feed */,
				B9FDCD0F2982C0C600002DD0 /* Profile */,
				B9FDCD0C2982C0A800002DD0 /* Main */,
			);
			path = View;
			sourceTree = "<group>";
		};
		B9FDCD0C2982C0A800002DD0 /* Main */ = {
			isa = PBXGroup;
			children = (
				B9FDCD0D2982C0BC00002DD0 /* ContentView.swift */,
				B9FDCD162982C21100002DD0 /* MainTabView.swift */,
			);
			path = Main;
			sourceTree = "<group>";
		};
		B9FDCD0F2982C0C600002DD0 /* Profile */ = {
			isa = PBXGroup;
			children = (
			);
			path = Profile;
			sourceTree = "<group>";
		};
		B9FDCD102982C0D000002DD0 /* Feed */ = {
			isa = PBXGroup;
			children = (
			);
			path = Feed;
			sourceTree = "<group>";
		};
		B9FDCD112982C0D600002DD0 /* Search */ = {
			isa = PBXGroup;
			children = (
			);
			path = Search;
			sourceTree = "<group>";
		};
		B9FDCD122982C0E600002DD0 /* UploadPost */ = {
			isa = PBXGroup;
			children = (
			);
			path = UploadPost;
			sourceTree = "<group>";
		};
		B9FDCD132982C10300002DD0 /* Notifications */ = {
			isa = PBXGroup;
			children = (
			);
			path = Notifications;
			sourceTree = "<group>";
		};
		B9FDCD142982C11000002DD0 /* Authentication */ = {
			isa = PBXGroup;
			children = (
			);
			path = Authentication;
			sourceTree = "<group>";
		};
		B9FDCD152982C12800002DD0 /* Items */ = {
			isa = PBXGroup;
			children = (
			);
			path = Items;
			sourceTree = "<group>";
		};
/* End PBXGroup section */

/* Begin PBXNativeTarget section */
		B9FDCCD92982BFA000002DD0 /* Instagram */ = {
			isa = PBXNativeTarget;
			buildConfigurationList = B9FDCCFE2982BFA300002DD0 /* Build configuration list for PBXNativeTarget "Instagram" */;
			buildPhases = (
				B9FDCCD62982BFA000002DD0 /* Sources */,
				B9FDCCD72982BFA000002DD0 /* Frameworks */,
				B9FDCCD82982BFA000002DD0 /* Resources */,
			);
			buildRules = (
			);
			dependencies = (
			);
			name = Instagram;
			productName = Instagram;
			productReference = B9FDCCDA2982BFA000002DD0 /* Instagram.app */;
			productType = "com.apple.product-type.application";
		};
		B9FDCCE92982BFA300002DD0 /* InstagramTests */ = {
			isa = PBXNativeTarget;
			buildConfigurationList = B9FDCD012982BFA300002DD0 /* Build configuration list for PBXNativeTarget "InstagramTests" */;
			buildPhases = (
				B9FDCCE62982BFA300002DD0 /* Sources */,
				B9FDCCE72982BFA300002DD0 /* Frameworks */,
				B9FDCCE82982BFA300002DD0 /* Resources */,
			);
			buildRules = (
			);
			dependencies = (
				B9FDCCEC2982BFA300002DD0 /* PBXTargetDependency */,
			);
			name = InstagramTests;
			productName = InstagramTests;
			productReference = B9FDCCEA2982BFA300002DD0 /* InstagramTests.xctest */;
			productType = "com.apple.product-type.bundle.unit-test";
		};
		B9FDCCF32982BFA300002DD0 /* InstagramUITests */ = {
			isa = PBXNativeTarget;
			buildConfigurationList = B9FDCD042982BFA300002DD0 /* Build configuration list for PBXNativeTarget "InstagramUITests" */;
			buildPhases = (
				B9FDCCF02982BFA300002DD0 /* Sources */,
				B9FDCCF12982BFA300002DD0 /* Frameworks */,
				B9FDCCF22982BFA300002DD0 /* Resources */,
			);
			buildRules = (
			);
			dependencies = (
				B9FDCCF62982BFA300002DD0 /* PBXTargetDependency */,
			);
			name = InstagramUITests;
			productName = InstagramUITests;
			productReference = B9FDCCF42982BFA300002DD0 /* InstagramUITests.xctest */;
			productType = "com.apple.product-type.bundle.ui-testing";
		};
/* End PBXNativeTarget section */

/* Begin PBXProject section */
		B9FDCCD22982BFA000002DD0 /* Project object */ = {
			isa = PBXProject;
			attributes = {
				BuildIndependentTargetsInParallel = 1;
				LastSwiftUpdateCheck = 1420;
				LastUpgradeCheck = 1420;
				TargetAttributes = {
					B9FDCCD92982BFA000002DD0 = {
						CreatedOnToolsVersion = 14.2;
					};
					B9FDCCE92982BFA300002DD0 = {
						CreatedOnToolsVersion = 14.2;
						TestTargetID = B9FDCCD92982BFA000002DD0;
					};
					B9FDCCF32982BFA300002DD0 = {
						CreatedOnToolsVersion = 14.2;
						TestTargetID = B9FDCCD92982BFA000002DD0;
					};
				};
			};
			buildConfigurationList = B9FDCCD52982BFA000002DD0 /* Build configuration list for PBXProject "Instagram" */;
			compatibilityVersion = "Xcode 14.0";
			developmentRegion = en;
			hasScannedForEncodings = 0;
			knownRegions = (
				en,
				Base,
			);
			mainGroup = B9FDCCD12982BFA000002DD0;
			productRefGroup = B9FDCCDB2982BFA000002DD0 /* Products */;
			projectDirPath = "";
			projectRoot = "";
			targets = (
				B9FDCCD92982BFA000002DD0 /* Instagram */,
				B9FDCCE92982BFA300002DD0 /* InstagramTests */,
				B9FDCCF32982BFA300002DD0 /* InstagramUITests */,
			);
		};
/* End PBXProject section */

/* Begin PBXResourcesBuildPhase section */
		B9FDCCD82982BFA000002DD0 /* Resources */ = {
			isa = PBXResourcesBuildPhase;
			buildActionMask = 2147483647;
			files = (
				B9FDCCE52982BFA300002DD0 /* Preview Assets.xcassets in Resources */,
				B9FDCCE22982BFA300002DD0 /* Assets.xcassets in Resources */,
			);
			runOnlyForDeploymentPostprocessing = 0;
		};
		B9FDCCE82982BFA300002DD0 /* Resources */ = {
			isa = PBXResourcesBuildPhase;
			buildActionMask = 2147483647;
			files = (
			);
			runOnlyForDeploymentPostprocessing = 0;
		};
		B9FDCCF22982BFA300002DD0 /* Resources */ = {
			isa = PBXResourcesBuildPhase;
			buildActionMask = 2147483647;
			files = (
			);
			runOnlyForDeploymentPostprocessing = 0;
		};
/* End PBXResourcesBuildPhase section */

/* Begin PBXSourcesBuildPhase section */
		B9FDCCD62982BFA000002DD0 /* Sources */ = {
			isa = PBXSourcesBuildPhase;
			buildActionMask = 2147483647;
			files = (
				B9FDCD0E2982C0BC00002DD0 /* ContentView.swift in Sources */,
				B9FDCCDE2982BFA000002DD0 /* InstagramApp.swift in Sources */,
				B9FDCD172982C21100002DD0 /* MainTabView.swift in Sources */,
			);
			runOnlyForDeploymentPostprocessing = 0;
		};
		B9FDCCE62982BFA300002DD0 /* Sources */ = {
			isa = PBXSourcesBuildPhase;
			buildActionMask = 2147483647;
			files = (
				B9FDCCEF2982BFA300002DD0 /* InstagramTests.swift in Sources */,
			);
			runOnlyForDeploymentPostprocessing = 0;
		};
		B9FDCCF02982BFA300002DD0 /* Sources */ = {
			isa = PBXSourcesBuildPhase;
			buildActionMask = 2147483647;
			files = (
				B9FDCCF92982BFA300002DD0 /* InstagramUITests.swift in Sources */,
				B9FDCCFB2982BFA300002DD0 /* InstagramUITestsLaunchTests.swift in Sources */,
			);
			runOnlyForDeploymentPostprocessing = 0;
		};
/* End PBXSourcesBuildPhase section */

/* Begin PBXTargetDependency section */
		B9FDCCEC2982BFA300002DD0 /* PBXTargetDependency */ = {
			isa = PBXTargetDependency;
			target = B9FDCCD92982BFA000002DD0 /* Instagram */;
			targetProxy = B9FDCCEB2982BFA300002DD0 /* PBXContainerItemProxy */;
		};
		B9FDCCF62982BFA300002DD0 /* PBXTargetDependency */ = {
			isa = PBXTargetDependency;
			target = B9FDCCD92982BFA000002DD0 /* Instagram */;
			targetProxy = B9FDCCF52982BFA300002DD0 /* PBXContainerItemProxy */;
		};
/* End PBXTargetDependency section */

/* Begin XCBuildConfiguration section */
		B9FDCCFC2982BFA300002DD0 /* Debug */ = {
			isa = XCBuildConfiguration;
			buildSettings = {
				ALWAYS_SEARCH_USER_PATHS = NO;
				CLANG_ANALYZER_NONNULL = YES;
				CLANG_ANALYZER_NUMBER_OBJECT_CONVERSION = YES_AGGRESSIVE;
				CLANG_CXX_LANGUAGE_STANDARD = "gnu++20";
				CLANG_ENABLE_MODULES = YES;
				CLANG_ENABLE_OBJC_ARC = YES;
				CLANG_ENABLE_OBJC_WEAK = YES;
				CLANG_WARN_BLOCK_CAPTURE_AUTORELEASING = YES;
				CLANG_WARN_BOOL_CONVERSION = YES;
				CLANG_WARN_COMMA = YES;
				CLANG_WARN_CONSTANT_CONVERSION = YES;
				CLANG_WARN_DEPRECATED_OBJC_IMPLEMENTATIONS = YES;
				CLANG_WARN_DIRECT_OBJC_ISA_USAGE = YES_ERROR;
				CLANG_WARN_DOCUMENTATION_COMMENTS = YES;
				CLANG_WARN_EMPTY_BODY = YES;
				CLANG_WARN_ENUM_CONVERSION = YES;
				CLANG_WARN_INFINITE_RECURSION = YES;
				CLANG_WARN_INT_CONVERSION = YES;
				CLANG_WARN_NON_LITERAL_NULL_CONVERSION = YES;
				CLANG_WARN_OBJC_IMPLICIT_RETAIN_SELF = YES;
				CLANG_WARN_OBJC_LITERAL_CONVERSION = YES;
				CLANG_WARN_OBJC_ROOT_CLASS = YES_ERROR;
				CLANG_WARN_QUOTED_INCLUDE_IN_FRAMEWORK_HEADER = YES;
				CLANG_WARN_RANGE_LOOP_ANALYSIS = YES;
				CLANG_WARN_STRICT_PROTOTYPES = YES;
				CLANG_WARN_SUSPICIOUS_MOVE = YES;
				CLANG_WARN_UNGUARDED_AVAILABILITY = YES_AGGRESSIVE;
				CLANG_WARN_UNREACHABLE_CODE = YES;
				CLANG_WARN__DUPLICATE_METHOD_MATCH = YES;
				COPY_PHASE_STRIP = NO;
				DEBUG_INFORMATION_FORMAT = dwarf;
				ENABLE_STRICT_OBJC_MSGSEND = YES;
				ENABLE_TESTABILITY = YES;
				GCC_C_LANGUAGE_STANDARD = gnu11;
				GCC_DYNAMIC_NO_PIC = NO;
				GCC_NO_COMMON_BLOCKS = YES;
				GCC_OPTIMIZATION_LEVEL = 0;
				GCC_PREPROCESSOR_DEFINITIONS = (
					"DEBUG=1",
					"$(inherited)",
				);
				GCC_WARN_64_TO_32_BIT_CONVERSION = YES;
				GCC_WARN_ABOUT_RETURN_TYPE = YES_ERROR;
				GCC_WARN_UNDECLARED_SELECTOR = YES;
				GCC_WARN_UNINITIALIZED_AUTOS = YES_AGGRESSIVE;
				GCC_WARN_UNUSED_FUNCTION = YES;
				GCC_WARN_UNUSED_VARIABLE = YES;
				IPHONEOS_DEPLOYMENT_TARGET = 16.2;
				MTL_ENABLE_DEBUG_INFO = INCLUDE_SOURCE;
				MTL_FAST_MATH = YES;
				ONLY_ACTIVE_ARCH = YES;
				SDKROOT = iphoneos;
				SWIFT_ACTIVE_COMPILATION_CONDITIONS = DEBUG;
				SWIFT_OPTIMIZATION_LEVEL = "-Onone";
			};
			name = Debug;
		};
		B9FDCCFD2982BFA300002DD0 /* Release */ = {
			isa = XCBuildConfiguration;
			buildSettings = {
				ALWAYS_SEARCH_USER_PATHS = NO;
				CLANG_ANALYZER_NONNULL = YES;
				CLANG_ANALYZER_NUMBER_OBJECT_CONVERSION = YES_AGGRESSIVE;
				CLANG_CXX_LANGUAGE_STANDARD = "gnu++20";
				CLANG_ENABLE_MODULES = YES;
				CLANG_ENABLE_OBJC_ARC = YES;
				CLANG_ENABLE_OBJC_WEAK = YES;
				CLANG_WARN_BLOCK_CAPTURE_AUTORELEASING = YES;
				CLANG_WARN_BOOL_CONVERSION = YES;
				CLANG_WARN_COMMA = YES;
				CLANG_WARN_CONSTANT_CONVERSION = YES;
				CLANG_WARN_DEPRECATED_OBJC_IMPLEMENTATIONS = YES;
				CLANG_WARN_DIRECT_OBJC_ISA_USAGE = YES_ERROR;
				CLANG_WARN_DOCUMENTATION_COMMENTS = YES;
				CLANG_WARN_EMPTY_BODY = YES;
				CLANG_WARN_ENUM_CONVERSION = YES;
				CLANG_WARN_INFINITE_RECURSION = YES;
				CLANG_WARN_INT_CONVERSION = YES;
				CLANG_WARN_NON_LITERAL_NULL_CONVERSION = YES;
				CLANG_WARN_OBJC_IMPLICIT_RETAIN_SELF = YES;
				CLANG_WARN_OBJC_LITERAL_CONVERSION = YES;
				CLANG_WARN_OBJC_ROOT_CLASS = YES_ERROR;
				CLANG_WARN_QUOTED_INCLUDE_IN_FRAMEWORK_HEADER = YES;
				CLANG_WARN_RANGE_LOOP_ANALYSIS = YES;
				CLANG_WARN_STRICT_PROTOTYPES = YES;
				CLANG_WARN_SUSPICIOUS_MOVE = YES;
				CLANG_WARN_UNGUARDED_AVAILABILITY = YES_AGGRESSIVE;
				CLANG_WARN_UNREACHABLE_CODE = YES;
				CLANG_WARN__DUPLICATE_METHOD_MATCH = YES;
				COPY_PHASE_STRIP = NO;
				DEBUG_INFORMATION_FORMAT = "dwarf-with-dsym";
				ENABLE_NS_ASSERTIONS = NO;
				ENABLE_STRICT_OBJC_MSGSEND = YES;
				GCC_C_LANGUAGE_STANDARD = gnu11;
				GCC_NO_COMMON_BLOCKS = YES;
				GCC_WARN_64_TO_32_BIT_CONVERSION = YES;
				GCC_WARN_ABOUT_RETURN_TYPE = YES_ERROR;
				GCC_WARN_UNDECLARED_SELECTOR = YES;
				GCC_WARN_UNINITIALIZED_AUTOS = YES_AGGRESSIVE;
				GCC_WARN_UNUSED_FUNCTION = YES;
				GCC_WARN_UNUSED_VARIABLE = YES;
				IPHONEOS_DEPLOYMENT_TARGET = 16.2;
				MTL_ENABLE_DEBUG_INFO = NO;
				MTL_FAST_MATH = YES;
				SDKROOT = iphoneos;
				SWIFT_COMPILATION_MODE = wholemodule;
				SWIFT_OPTIMIZATION_LEVEL = "-O";
				VALIDATE_PRODUCT = YES;
			};
			name = Release;
		};
		B9FDCCFF2982BFA300002DD0 /* Debug */ = {
			isa = XCBuildConfiguration;
			buildSettings = {
				ASSETCATALOG_COMPILER_APPICON_NAME = AppIcon;
				ASSETCATALOG_COMPILER_GLOBAL_ACCENT_COLOR_NAME = AccentColor;
				CODE_SIGN_STYLE = Automatic;
				CURRENT_PROJECT_VERSION = 1;
				DEVELOPMENT_ASSET_PATHS = "\"Instagram/Preview Content\"";
				ENABLE_PREVIEWS = YES;
				GENERATE_INFOPLIST_FILE = YES;
				INFOPLIST_KEY_UIApplicationSceneManifest_Generation = YES;
				INFOPLIST_KEY_UIApplicationSupportsIndirectInputEvents = YES;
				INFOPLIST_KEY_UILaunchScreen_Generation = YES;
				INFOPLIST_KEY_UISupportedInterfaceOrientations_iPad = "UIInterfaceOrientationPortrait UIInterfaceOrientationPortraitUpsideDown UIInterfaceOrientationLandscapeLeft UIInterfaceOrientationLandscapeRight";
				INFOPLIST_KEY_UISupportedInterfaceOrientations_iPhone = "UIInterfaceOrientationPortrait UIInterfaceOrientationLandscapeLeft UIInterfaceOrientationLandscapeRight";
				LD_RUNPATH_SEARCH_PATHS = (
					"$(inherited)",
					"@executable_path/Frameworks",
				);
				MARKETING_VERSION = 1.0;
				PRODUCT_BUNDLE_IDENTIFIER = com.infinitywork.Instagram;
				PRODUCT_NAME = "$(TARGET_NAME)";
				SWIFT_EMIT_LOC_STRINGS = YES;
				SWIFT_VERSION = 5.0;
				TARGETED_DEVICE_FAMILY = "1,2";
			};
			name = Debug;
		};
		B9FDCD002982BFA300002DD0 /* Release */ = {
			isa = XCBuildConfiguration;
			buildSettings = {
				ASSETCATALOG_COMPILER_APPICON_NAME = AppIcon;
				ASSETCATALOG_COMPILER_GLOBAL_ACCENT_COLOR_NAME = AccentColor;
				CODE_SIGN_STYLE = Automatic;
				CURRENT_PROJECT_VERSION = 1;
				DEVELOPMENT_ASSET_PATHS = "\"Instagram/Preview Content\"";
				ENABLE_PREVIEWS = YES;
				GENERATE_INFOPLIST_FILE = YES;
				INFOPLIST_KEY_UIApplicationSceneManifest_Generation = YES;
				INFOPLIST_KEY_UIApplicationSupportsIndirectInputEvents = YES;
				INFOPLIST_KEY_UILaunchScreen_Generation = YES;
				INFOPLIST_KEY_UISupportedInterfaceOrientations_iPad = "UIInterfaceOrientationPortrait UIInterfaceOrientationPortraitUpsideDown UIInterfaceOrientationLandscapeLeft UIInterfaceOrientationLandscapeRight";
				INFOPLIST_KEY_UISupportedInterfaceOrientations_iPhone = "UIInterfaceOrientationPortrait UIInterfaceOrientationLandscapeLeft UIInterfaceOrientationLandscapeRight";
				LD_RUNPATH_SEARCH_PATHS = (
					"$(inherited)",
					"@executable_path/Frameworks",
				);
				MARKETING_VERSION = 1.0;
				PRODUCT_BUNDLE_IDENTIFIER = com.infinitywork.Instagram;
				PRODUCT_NAME = "$(TARGET_NAME)";
				SWIFT_EMIT_LOC_STRINGS = YES;
				SWIFT_VERSION = 5.0;
				TARGETED_DEVICE_FAMILY = "1,2";
			};
			name = Release;
		};
		B9FDCD022982BFA300002DD0 /* Debug */ = {
			isa = XCBuildConfiguration;
			buildSettings = {
				ALWAYS_EMBED_SWIFT_STANDARD_LIBRARIES = YES;
				BUNDLE_LOADER = "$(TEST_HOST)";
				CODE_SIGN_STYLE = Automatic;
				CURRENT_PROJECT_VERSION = 1;
				GENERATE_INFOPLIST_FILE = YES;
				IPHONEOS_DEPLOYMENT_TARGET = 16.2;
				MARKETING_VERSION = 1.0;
				PRODUCT_BUNDLE_IDENTIFIER = com.infinitywork.InstagramTests;
				PRODUCT_NAME = "$(TARGET_NAME)";
				SWIFT_EMIT_LOC_STRINGS = NO;
				SWIFT_VERSION = 5.0;
				TARGETED_DEVICE_FAMILY = "1,2";
				TEST_HOST = "$(BUILT_PRODUCTS_DIR)/Instagram.app/$(BUNDLE_EXECUTABLE_FOLDER_PATH)/Instagram";
			};
			name = Debug;
		};
		B9FDCD032982BFA300002DD0 /* Release */ = {
			isa = XCBuildConfiguration;
			buildSettings = {
				ALWAYS_EMBED_SWIFT_STANDARD_LIBRARIES = YES;
				BUNDLE_LOADER = "$(TEST_HOST)";
				CODE_SIGN_STYLE = Automatic;
				CURRENT_PROJECT_VERSION = 1;
				GENERATE_INFOPLIST_FILE = YES;
				IPHONEOS_DEPLOYMENT_TARGET = 16.2;
				MARKETING_VERSION = 1.0;
				PRODUCT_BUNDLE_IDENTIFIER = com.infinitywork.InstagramTests;
				PRODUCT_NAME = "$(TARGET_NAME)";
				SWIFT_EMIT_LOC_STRINGS = NO;
				SWIFT_VERSION = 5.0;
				TARGETED_DEVICE_FAMILY = "1,2";
				TEST_HOST = "$(BUILT_PRODUCTS_DIR)/Instagram.app/$(BUNDLE_EXECUTABLE_FOLDER_PATH)/Instagram";
			};
			name = Release;
		};
		B9FDCD052982BFA300002DD0 /* Debug */ = {
			isa = XCBuildConfiguration;
			buildSettings = {
				ALWAYS_EMBED_SWIFT_STANDARD_LIBRARIES = YES;
				CODE_SIGN_STYLE = Automatic;
				CURRENT_PROJECT_VERSION = 1;
				GENERATE_INFOPLIST_FILE = YES;
				MARKETING_VERSION = 1.0;
				PRODUCT_BUNDLE_IDENTIFIER = com.infinitywork.InstagramUITests;
				PRODUCT_NAME = "$(TARGET_NAME)";
				SWIFT_EMIT_LOC_STRINGS = NO;
				SWIFT_VERSION = 5.0;
				TARGETED_DEVICE_FAMILY = "1,2";
				TEST_TARGET_NAME = Instagram;
			};
			name = Debug;
		};
		B9FDCD062982BFA300002DD0 /* Release */ = {
			isa = XCBuildConfiguration;
			buildSettings = {
				ALWAYS_EMBED_SWIFT_STANDARD_LIBRARIES = YES;
				CODE_SIGN_STYLE = Automatic;
				CURRENT_PROJECT_VERSION = 1;
				GENERATE_INFOPLIST_FILE = YES;
				MARKETING_VERSION = 1.0;
				PRODUCT_BUNDLE_IDENTIFIER = com.infinitywork.InstagramUITests;
				PRODUCT_NAME = "$(TARGET_NAME)";
				SWIFT_EMIT_LOC_STRINGS = NO;
				SWIFT_VERSION = 5.0;
				TARGETED_DEVICE_FAMILY = "1,2";
				TEST_TARGET_NAME = Instagram;
			};
			name = Release;
		};
/* End XCBuildConfiguration section */

/* Begin XCConfigurationList section */
		B9FDCCD52982BFA000002DD0 /* Build configuration list for PBXProject "Instagram" */ = {
			isa = XCConfigurationList;
			buildConfigurations = (
				B9FDCCFC2982BFA300002DD0 /* Debug */,
				B9FDCCFD2982BFA300002DD0 /* Release */,
			);
			defaultConfigurationIsVisible = 0;
			defaultConfigurationName = Release;
		};
		B9FDCCFE2982BFA300002DD0 /* Build configuration list for PBXNativeTarget "Instagram" */ = {
			isa = XCConfigurationList;
			buildConfigurations = (
				B9FDCCFF2982BFA300002DD0 /* Debug */,
				B9FDCD002982BFA300002DD0 /* Release */,
			);
			defaultConfigurationIsVisible = 0;
			defaultConfigurationName = Release;
		};
		B9FDCD012982BFA300002DD0 /* Build configuration list for PBXNativeTarget "InstagramTests" */ = {
			isa = XCConfigurationList;
			buildConfigurations = (
				B9FDCD022982BFA300002DD0 /* Debug */,
				B9FDCD032982BFA300002DD0 /* Release */,
			);
			defaultConfigurationIsVisible = 0;
			defaultConfigurationName = Release;
		};
		B9FDCD042982BFA300002DD0 /* Build configuration list for PBXNativeTarget "InstagramUITests" */ = {
			isa = XCConfigurationList;
			buildConfigurations = (
				B9FDCD052982BFA300002DD0 /* Debug */,
				B9FDCD062982BFA300002DD0 /* Release */,
			);
			defaultConfigurationIsVisible = 0;
			defaultConfigurationName = Release;
		};
/* End XCConfigurationList section */
	};
	rootObject = B9FDCCD22982BFA000002DD0 /* Project object */;
}
